{
    "_readme": [
        "This file locks the dependencies of your project to a known state",
        "Read more about it at https://getcomposer.org/doc/01-basic-usage.md#installing-dependencies",
        "This file is @generated automatically"
    ],
    "content-hash": "52c40074541aa594fcc70b3070e48464",
    "packages": [
        {
            "name": "wp-rest-auth/auth-toolkit",
            "version": "dev-main",
            "source": {
                "type": "git",
                "url": "https://github.com/juanma-wp/wp-rest-auth-toolkit.git",
                "reference": "747fcb030be36d5939c3dd5fae6d729ab0896e44"
            },
            "dist": {
                "type": "zip",
                "url": "https://api.github.com/repos/juanma-wp/wp-rest-auth-toolkit/zipball/747fcb030be36d5939c3dd5fae6d729ab0896e44",
                "reference": "747fcb030be36d5939c3dd5fae6d729ab0896e44",
                "shasum": ""
            },
            "require": {
                "php": ">=7.4"
            },
            "require-dev": {
                "phpstan/phpstan": "^1.10",
                "phpunit/phpunit": "^9.0",
                "squizlabs/php_codesniffer": "^3.12"
            },
            "default-branch": true,
            "type": "library",
            "autoload": {
                "psr-4": {
                    "WPRestAuth\\AuthToolkit\\": "src/"
                }
            },
            "autoload-dev": {
                "psr-4": {
                    "WPRestAuth\\AuthToolkit\\Tests\\": "tests/"
                }
            },
            "scripts": {
                "test": [
                    "phpunit"
                ],
                "phpstan": [
                    "phpstan analyse --memory-limit=512M"
                ],
                "lint": [
                    "phpcs"
                ],
                "lint-fix": [
                    "phpcbf"
                ]
            },
            "license": [
                "GPL-2.0-or-later"
            ],
            "authors": [
                {
                    "name": "WordPress Developer",
                    "role": "Developer"
                }
            ],
            "description": "Shared authentication utilities for WordPress REST API - JWT, OAuth2, and refresh token management",
            "keywords": [
                "authentication",
                "cors",
                "jwt",
                "oauth2",
                "pkce",
                "refresh-tokens",
                "rest-api",
                "security",
                "wordpress"
            ],
            "support": {
                "source": "https://github.com/juanma-wp/wp-rest-auth-toolkit/tree/main",
                "issues": "https://github.com/juanma-wp/wp-rest-auth-toolkit/issues"
            },
            "time": "2025-11-13T14:30:30+00:00"
        }
    ],
    "packages-dev": [],
    "aliases": [],
    "minimum-stability": "stable",
    "stability-flags": {
        "wp-rest-auth/auth-toolkit": 20
    },
    "prefer-stable": false,
    "prefer-lowest": false,
    "platform": {
        "php": ">=7.4"
    },
    "platform-dev": {},
    "platform-overrides": {
        "php": "7.4.0"
    },
    "plugin-api-version": "2.6.0"
}
